
Microsoft Visual Studio Solution File, Format Version 12.00
# Visual Studio Version 17
VisualStudioVersion = 17.2.32516.85
MinimumVisualStudioVersion = 10.0.40219.1
Project("{FAE04EC0-301F-11D3-BF4B-00C04F79EFBC}") = "WebApi", "WebApi.csproj", "{CFCF2701-AB9A-4DC3-919A-6EFD5291AEAD}"
EndProject
Project("{FAE04EC0-301F-11D3-BF4B-00C04F79EFBC}") = "Domain", "..\..\Domain\Domain.csproj", "{06749084-5A4C-4FC5-BCFA-287811490B8F}"
EndProject
Project("{FAE04EC0-301F-11D3-BF4B-00C04F79EFBC}") = "Application", "..\..\Application\Application.csproj", "{CEBF5411-FEB3-444C-B5B8-3D4641EC15AD}"
EndProject
Project("{FAE04EC0-301F-11D3-BF4B-00C04F79EFBC}") = "Infrastructure", "..\..\Infrastructure\Infrastructure\Infrastructure.csproj", "{86DE75C5-714E-4AF8-9DF6-5E7C387BE141}"
EndProject
Project("{FAE04EC0-301F-11D3-BF4B-00C04F79EFBC}") = "Persistence", "..\..\Infrastructure\Persistence\Persistence.csproj", "{40606552-F1F8-4722-A8D9-8321597645BC}"
EndProject
Global
	GlobalSection(SolutionConfigurationPlatforms) = preSolution
		Debug|Any CPU = Debug|Any CPU
		Release|Any CPU = Release|Any CPU
	EndGlobalSection
	GlobalSection(ProjectConfigurationPlatforms) = postSolution
		{CFCF2701-AB9A-4DC3-919A-6EFD5291AEAD}.Debug|Any CPU.ActiveCfg = Debug|Any CPU
		{CFCF2701-AB9A-4DC3-919A-6EFD5291AEAD}.Debug|Any CPU.Build.0 = Debug|Any CPU
		{CFCF2701-AB9A-4DC3-919A-6EFD5291AEAD}.Release|Any CPU.ActiveCfg = Release|Any CPU
		{CFCF2701-AB9A-4DC3-919A-6EFD5291AEAD}.Release|Any CPU.Build.0 = Release|Any CPU
		{06749084-5A4C-4FC5-BCFA-287811490B8F}.Debug|Any CPU.ActiveCfg = Debug|Any CPU
		{06749084-5A4C-4FC5-BCFA-287811490B8F}.Debug|Any CPU.Build.0 = Debug|Any CPU
		{06749084-5A4C-4FC5-BCFA-287811490B8F}.Release|Any CPU.ActiveCfg = Release|Any CPU
		{06749084-5A4C-4FC5-BCFA-287811490B8F}.Release|Any CPU.Build.0 = Release|Any CPU
		{CEBF5411-FEB3-444C-B5B8-3D4641EC15AD}.Debug|Any CPU.ActiveCfg = Debug|Any CPU
		{CEBF5411-FEB3-444C-B5B8-3D4641EC15AD}.Debug|Any CPU.Build.0 = Debug|Any CPU
		{CEBF5411-FEB3-444C-B5B8-3D4641EC15AD}.Release|Any CPU.ActiveCfg = Release|Any CPU
		{CEBF5411-FEB3-444C-B5B8-3D4641EC15AD}.Release|Any CPU.Build.0 = Release|Any CPU
		{86DE75C5-714E-4AF8-9DF6-5E7C387BE141}.Debug|Any CPU.ActiveCfg = Debug|Any CPU
		{86DE75C5-714E-4AF8-9DF6-5E7C387BE141}.Debug|Any CPU.Build.0 = Debug|Any CPU
		{86DE75C5-714E-4AF8-9DF6-5E7C387BE141}.Release|Any CPU.ActiveCfg = Release|Any CPU
		{86DE75C5-714E-4AF8-9DF6-5E7C387BE141}.Release|Any CPU.Build.0 = Release|Any CPU
		{40606552-F1F8-4722-A8D9-8321597645BC}.Debug|Any CPU.ActiveCfg = Debug|Any CPU
		{40606552-F1F8-4722-A8D9-8321597645BC}.Debug|Any CPU.Build.0 = Debug|Any CPU
		{40606552-F1F8-4722-A8D9-8321597645BC}.Release|Any CPU.ActiveCfg = Release|Any CPU
		{40606552-F1F8-4722-A8D9-8321597645BC}.Release|Any CPU.Build.0 = Release|Any CPU
	EndGlobalSection
	GlobalSection(SolutionProperties) = preSolution
		HideSolutionNode = FALSE
	EndGlobalSection
	GlobalSection(ExtensibilityGlobals) = postSolution
		SolutionGuid = {987EFEC2-263C-476B-ACB6-0A216DEBA301}
	EndGlobalSection
EndGlobal
